
Microsoft Visual Studio Solution File, Format Version 12.00
# Visual Studio Version 16
VisualStudioVersion = 16.0.30011.22
MinimumVisualStudioVersion = 10.0.40219.1
Project("{8BC9CEB8-8B4A-11D0-8D11-00A0C91BC942}") = "ImageCaptioning-DLL", "ImageCaptioning-DLL\ImageCaptioning-DLL.vcxproj", "{304E229E-E509-46D0-8534-1AFFD5C230BA}"
EndProject
Project("{8BC9CEB8-8B4A-11D0-8D11-00A0C91BC942}") = "ImageCaptioningConsole", "ImageCaptioningConsole\ImageCaptioningConsole.vcxproj", "{F422011C-D752-4FEF-8AFD-CFB9C4659C27}"
EndProject
Global
	GlobalSection(SolutionConfigurationPlatforms) = preSolution
		Debug|x64 = Debug|x64
		Debug|x86 = Debug|x86
		Release|x64 = Release|x64
		Release|x86 = Release|x86
	EndGlobalSection
	GlobalSection(ProjectConfigurationPlatforms) = postSolution
		{304E229E-E509-46D0-8534-1AFFD5C230BA}.Debug|x64.ActiveCfg = Debug|x64
		{304E229E-E509-46D0-8534-1AFFD5C230BA}.Debug|x64.Build.0 = Debug|x64
		{304E229E-E509-46D0-8534-1AFFD5C230BA}.Debug|x86.ActiveCfg = Debug|Win32
		{304E229E-E509-46D0-8534-1AFFD5C230BA}.Debug|x86.Build.0 = Debug|Win32
		{304E229E-E509-46D0-8534-1AFFD5C230BA}.Release|x64.ActiveCfg = Release|x64
		{304E229E-E509-46D0-8534-1AFFD5C230BA}.Release|x64.Build.0 = Release|x64
		{304E229E-E509-46D0-8534-1AFFD5C230BA}.Release|x86.ActiveCfg = Release|Win32
		{304E229E-E509-46D0-8534-1AFFD5C230BA}.Release|x86.Build.0 = Release|Win32
		{F422011C-D752-4FEF-8AFD-CFB9C4659C27}.Debug|x64.ActiveCfg = Debug|x64
		{F422011C-D752-4FEF-8AFD-CFB9C4659C27}.Debug|x64.Build.0 = Debug|x64
		{F422011C-D752-4FEF-8AFD-CFB9C4659C27}.Debug|x86.ActiveCfg = Debug|Win32
		{F422011C-D752-4FEF-8AFD-CFB9C4659C27}.Debug|x86.Build.0 = Debug|Win32
		{F422011C-D752-4FEF-8AFD-CFB9C4659C27}.Release|x64.ActiveCfg = Release|x64
		{F422011C-D752-4FEF-8AFD-CFB9C4659C27}.Release|x64.Build.0 = Release|x64
		{F422011C-D752-4FEF-8AFD-CFB9C4659C27}.Release|x86.ActiveCfg = Release|Win32
		{F422011C-D752-4FEF-8AFD-CFB9C4659C27}.Release|x86.Build.0 = Release|Win32
	EndGlobalSection
	GlobalSection(SolutionProperties) = preSolution
		HideSolutionNode = FALSE
	EndGlobalSection
	GlobalSection(ExtensibilityGlobals) = postSolution
		SolutionGuid = {B7E19FCD-4818-4EBE-A312-1304CDE58FEF}
	EndGlobalSection
EndGlobal
